// !$*UTF8*$!
{
	archiveVersion = 1;
	classes = {
	};
	objectVersion = 46;
	objects = {

/* Begin PBXBuildFile section */
		FC1C35441E27DEDF00191CA7 /* UdacityAuthentication.swift in Sources */ = {isa = PBXBuildFile; fileRef = FC1C35431E27DEDF00191CA7 /* UdacityAuthentication.swift */; };
		FC1C35461E27DF4200191CA7 /* MockAuthentication.swift in Sources */ = {isa = PBXBuildFile; fileRef = FC1C35451E27DF4200191CA7 /* MockAuthentication.swift */; };
		FCA1B7E31E288C1600A10E85 /* AuthenticationManager.swift in Sources */ = {isa = PBXBuildFile; fileRef = FCA1B7E21E288C1600A10E85 /* AuthenticationManager.swift */; };
		FCA1B7E71E28911000A10E85 /* StudentsManager.swift in Sources */ = {isa = PBXBuildFile; fileRef = FCA1B7E61E28911000A10E85 /* StudentsManager.swift */; };
		FCA1B7E91E2891EC00A10E85 /* StudentInformation.swift in Sources */ = {isa = PBXBuildFile; fileRef = FCA1B7E81E2891EC00A10E85 /* StudentInformation.swift */; };
		FCA1B7EB1E28944300A10E85 /* StudentsController.swift in Sources */ = {isa = PBXBuildFile; fileRef = FCA1B7EA1E28944300A10E85 /* StudentsController.swift */; };
		FCA393A41E28A5BB000F17FB /* LocationLookupViewController.swift in Sources */ = {isa = PBXBuildFile; fileRef = FCA393A31E28A5BB000F17FB /* LocationLookupViewController.swift */; };
		FCA393A61E28A6D6000F17FB /* StudentInfoViewController.swift in Sources */ = {isa = PBXBuildFile; fileRef = FCA393A51E28A6D6000F17FB /* StudentInfoViewController.swift */; };
		FCA7E9D81E274270009ED523 /* Roboto-Medium.ttf in Resources */ = {isa = PBXBuildFile; fileRef = FCA7E9D51E274270009ED523 /* Roboto-Medium.ttf */; };
		FCA7E9D91E274270009ED523 /* Roboto-Regular.ttf in Resources */ = {isa = PBXBuildFile; fileRef = FCA7E9D61E274270009ED523 /* Roboto-Regular.ttf */; };
		FCA7E9DA1E274270009ED523 /* Roboto-Thin.ttf in Resources */ = {isa = PBXBuildFile; fileRef = FCA7E9D71E274270009ED523 /* Roboto-Thin.ttf */; };
		FCA7E9DD1E274498009ED523 /* MapKit.framework in Frameworks */ = {isa = PBXBuildFile; fileRef = FCA7E9DC1E274498009ED523 /* MapKit.framework */; };
		FCA7E9DF1E274585009ED523 /* MapViewController.swift in Sources */ = {isa = PBXBuildFile; fileRef = FCA7E9DE1E274585009ED523 /* MapViewController.swift */; };
		FCA7E9E11E27459D009ED523 /* ListViewController.swift in Sources */ = {isa = PBXBuildFile; fileRef = FCA7E9E01E27459D009ED523 /* ListViewController.swift */; };
		FCA7E9E71E274A00009ED523 /* LoginViewController.swift in Sources */ = {isa = PBXBuildFile; fileRef = FCA7E9E61E274A00009ED523 /* LoginViewController.swift */; };
		FCA7E9E91E274B60009ED523 /* Authentication.swift in Sources */ = {isa = PBXBuildFile; fileRef = FCA7E9E81E274B60009ED523 /* Authentication.swift */; };
		FCCD32BE1E27399A00DFC250 /* AppDelegate.swift in Sources */ = {isa = PBXBuildFile; fileRef = FCCD32BD1E27399A00DFC250 /* AppDelegate.swift */; };
		FCCD32C01E27399A00DFC250 /* TabViewController.swift in Sources */ = {isa = PBXBuildFile; fileRef = FCCD32BF1E27399A00DFC250 /* TabViewController.swift */; };
		FCCD32C31E27399A00DFC250 /* Main.storyboard in Resources */ = {isa = PBXBuildFile; fileRef = FCCD32C11E27399A00DFC250 /* Main.storyboard */; };
		FCCD32C51E27399A00DFC250 /* Assets.xcassets in Resources */ = {isa = PBXBuildFile; fileRef = FCCD32C41E27399A00DFC250 /* Assets.xcassets */; };
		FCCD32C81E27399A00DFC250 /* LaunchScreen.storyboard in Resources */ = {isa = PBXBuildFile; fileRef = FCCD32C61E27399A00DFC250 /* LaunchScreen.storyboard */; };
/* End PBXBuildFile section */

/* Begin PBXFileReference section */
		FC1C35431E27DEDF00191CA7 /* UdacityAuthentication.swift */ = {isa = PBXFileReference; fileEncoding = 4; lastKnownFileType = sourcecode.swift; path = UdacityAuthentication.swift; sourceTree = "<group>"; };
		FC1C35451E27DF4200191CA7 /* MockAuthentication.swift */ = {isa = PBXFileReference; fileEncoding = 4; lastKnownFileType = sourcecode.swift; path = MockAuthentication.swift; sourceTree = "<group>"; };
		FCA1B7E21E288C1600A10E85 /* AuthenticationManager.swift */ = {isa = PBXFileReference; fileEncoding = 4; lastKnownFileType = sourcecode.swift; path = AuthenticationManager.swift; sourceTree = "<group>"; };
		FCA1B7E61E28911000A10E85 /* StudentsManager.swift */ = {isa = PBXFileReference; fileEncoding = 4; lastKnownFileType = sourcecode.swift; path = StudentsManager.swift; sourceTree = "<group>"; };
		FCA1B7E81E2891EC00A10E85 /* StudentInformation.swift */ = {isa = PBXFileReference; fileEncoding = 4; lastKnownFileType = sourcecode.swift; path = StudentInformation.swift; sourceTree = "<group>"; };
		FCA1B7EA1E28944300A10E85 /* StudentsController.swift */ = {isa = PBXFileReference; fileEncoding = 4; lastKnownFileType = sourcecode.swift; path = StudentsController.swift; sourceTree = "<group>"; };
		FCA393A31E28A5BB000F17FB /* LocationLookupViewController.swift */ = {isa = PBXFileReference; fileEncoding = 4; lastKnownFileType = sourcecode.swift; path = LocationLookupViewController.swift; sourceTree = "<group>"; };
		FCA393A51E28A6D6000F17FB /* StudentInfoViewController.swift */ = {isa = PBXFileReference; fileEncoding = 4; lastKnownFileType = sourcecode.swift; path = StudentInfoViewController.swift; sourceTree = "<group>"; };
		FCA7E9D51E274270009ED523 /* Roboto-Medium.ttf */ = {isa = PBXFileReference; lastKnownFileType = file; path = "Roboto-Medium.ttf"; sourceTree = "<group>"; };
		FCA7E9D61E274270009ED523 /* Roboto-Regular.ttf */ = {isa = PBXFileReference; lastKnownFileType = file; path = "Roboto-Regular.ttf"; sourceTree = "<group>"; };
		FCA7E9D71E274270009ED523 /* Roboto-Thin.ttf */ = {isa = PBXFileReference; lastKnownFileType = file; path = "Roboto-Thin.ttf"; sourceTree = "<group>"; };
		FCA7E9DC1E274498009ED523 /* MapKit.framework */ = {isa = PBXFileReference; lastKnownFileType = wrapper.framework; name = MapKit.framework; path = System/Library/Frameworks/MapKit.framework; sourceTree = SDKROOT; };
		FCA7E9DE1E274585009ED523 /* MapViewController.swift */ = {isa = PBXFileReference; fileEncoding = 4; lastKnownFileType = sourcecode.swift; path = MapViewController.swift; sourceTree = "<group>"; };
		FCA7E9E01E27459D009ED523 /* ListViewController.swift */ = {isa = PBXFileReference; fileEncoding = 4; lastKnownFileType = sourcecode.swift; path = ListViewController.swift; sourceTree = "<group>"; };
		FCA7E9E61E274A00009ED523 /* LoginViewController.swift */ = {isa = PBXFileReference; fileEncoding = 4; lastKnownFileType = sourcecode.swift; path = LoginViewController.swift; sourceTree = "<group>"; };
		FCA7E9E81E274B60009ED523 /* Authentication.swift */ = {isa = PBXFileReference; fileEncoding = 4; lastKnownFileType = sourcecode.swift; path = Authentication.swift; sourceTree = "<group>"; };
		FCCD32BA1E27399A00DFC250 /* OnTheMap.app */ = {isa = PBXFileReference; explicitFileType = wrapper.application; includeInIndex = 0; path = OnTheMap.app; sourceTree = BUILT_PRODUCTS_DIR; };
		FCCD32BD1E27399A00DFC250 /* AppDelegate.swift */ = {isa = PBXFileReference; lastKnownFileType = sourcecode.swift; path = AppDelegate.swift; sourceTree = "<group>"; };
		FCCD32BF1E27399A00DFC250 /* TabViewController.swift */ = {isa = PBXFileReference; lastKnownFileType = sourcecode.swift; path = TabViewController.swift; sourceTree = "<group>"; };
		FCCD32C21E27399A00DFC250 /* Base */ = {isa = PBXFileReference; lastKnownFileType = file.storyboard; name = Base; path = Base.lproj/Main.storyboard; sourceTree = "<group>"; };
		FCCD32C41E27399A00DFC250 /* Assets.xcassets */ = {isa = PBXFileReference; lastKnownFileType = folder.assetcatalog; path = Assets.xcassets; sourceTree = "<group>"; };
		FCCD32C71E27399A00DFC250 /* Base */ = {isa = PBXFileReference; lastKnownFileType = file.storyboard; name = Base; path = Base.lproj/LaunchScreen.storyboard; sourceTree = "<group>"; };
		FCCD32C91E27399A00DFC250 /* Info.plist */ = {isa = PBXFileReference; lastKnownFileType = text.plist.xml; path = Info.plist; sourceTree = "<group>"; };
/* End PBXFileReference section */

/* Begin PBXFrameworksBuildPhase section */
		FCCD32B71E27399A00DFC250 /* Frameworks */ = {
			isa = PBXFrameworksBuildPhase;
			buildActionMask = 2147483647;
			files = (
				FCA7E9DD1E274498009ED523 /* MapKit.framework in Frameworks */,
			);
			runOnlyForDeploymentPostprocessing = 0;
		};
/* End PBXFrameworksBuildPhase section */

/* Begin PBXGroup section */
		FCA7E9DB1E274498009ED523 /* Frameworks */ = {
			isa = PBXGroup;
			children = (
				FCA7E9DC1E274498009ED523 /* MapKit.framework */,
			);
			name = Frameworks;
			sourceTree = "<group>";
		};
		FCA7E9E21E2746A6009ED523 /* View Controller */ = {
			isa = PBXGroup;
			children = (
				FCA1B7EA1E28944300A10E85 /* StudentsController.swift */,
				FCCD32BF1E27399A00DFC250 /* TabViewController.swift */,
				FCA7E9DE1E274585009ED523 /* MapViewController.swift */,
				FCA7E9E01E27459D009ED523 /* ListViewController.swift */,
				FCA7E9E61E274A00009ED523 /* LoginViewController.swift */,
				FCA393A31E28A5BB000F17FB /* LocationLookupViewController.swift */,
				FCA393A51E28A6D6000F17FB /* StudentInfoViewController.swift */,
			);
			name = "View Controller";
			sourceTree = "<group>";
		};
		FCA7E9E31E2746B1009ED523 /* Storyboard */ = {
			isa = PBXGroup;
			children = (
				FCCD32C11E27399A00DFC250 /* Main.storyboard */,
				FCCD32C61E27399A00DFC250 /* LaunchScreen.storyboard */,
			);
			name = Storyboard;
			sourceTree = "<group>";
		};
		FCA7E9E41E2746B9009ED523 /* Resources */ = {
			isa = PBXGroup;
			children = (
				FCCD32C41E27399A00DFC250 /* Assets.xcassets */,
				FCA7E9D51E274270009ED523 /* Roboto-Medium.ttf */,
				FCA7E9D61E274270009ED523 /* Roboto-Regular.ttf */,
				FCA7E9D71E274270009ED523 /* Roboto-Thin.ttf */,
			);
			name = Resources;
			sourceTree = "<group>";
		};
		FCA7E9E51E2746C5009ED523 /* Model */ = {
			isa = PBXGroup;
			children = (
				FCA7E9E81E274B60009ED523 /* Authentication.swift */,
				FC1C35431E27DEDF00191CA7 /* UdacityAuthentication.swift */,
				FC1C35451E27DF4200191CA7 /* MockAuthentication.swift */,
				FCA1B7E21E288C1600A10E85 /* AuthenticationManager.swift */,
				FCA1B7E61E28911000A10E85 /* StudentsManager.swift */,
				FCA1B7E81E2891EC00A10E85 /* StudentInformation.swift */,
			);
			name = Model;
			sourceTree = "<group>";
		};
		FCCD32B11E27399A00DFC250 = {
			isa = PBXGroup;
			children = (
				FCCD32BC1E27399A00DFC250 /* OnTheMap */,
				FCCD32BB1E27399A00DFC250 /* Products */,
				FCA7E9DB1E274498009ED523 /* Frameworks */,
			);
			sourceTree = "<group>";
		};
		FCCD32BB1E27399A00DFC250 /* Products */ = {
			isa = PBXGroup;
			children = (
				FCCD32BA1E27399A00DFC250 /* OnTheMap.app */,
			);
			name = Products;
			sourceTree = "<group>";
		};
		FCCD32BC1E27399A00DFC250 /* OnTheMap */ = {
			isa = PBXGroup;
			children = (
				FCCD32BD1E27399A00DFC250 /* AppDelegate.swift */,
				FCCD32C91E27399A00DFC250 /* Info.plist */,
				FCA7E9E51E2746C5009ED523 /* Model */,
				FCA7E9E21E2746A6009ED523 /* View Controller */,
				FCA7E9E31E2746B1009ED523 /* Storyboard */,
				FCA7E9E41E2746B9009ED523 /* Resources */,
			);
			path = OnTheMap;
			sourceTree = "<group>";
		};
/* End PBXGroup section */

/* Begin PBXNativeTarget section */
		FCCD32B91E27399A00DFC250 /* OnTheMap */ = {
			isa = PBXNativeTarget;
			buildConfigurationList = FCCD32CC1E27399A00DFC250 /* Build configuration list for PBXNativeTarget "OnTheMap" */;
			buildPhases = (
				FCCD32B61E27399A00DFC250 /* Sources */,
				FCCD32B71E27399A00DFC250 /* Frameworks */,
				FCCD32B81E27399A00DFC250 /* Resources */,
			);
			buildRules = (
			);
			dependencies = (
			);
			name = OnTheMap;
			productName = OnTheMap;
			productReference = FCCD32BA1E27399A00DFC250 /* OnTheMap.app */;
			productType = "com.apple.product-type.application";
		};
/* End PBXNativeTarget section */

/* Begin PBXProject section */
		FCCD32B21E27399A00DFC250 /* Project object */ = {
			isa = PBXProject;
			attributes = {
				LastSwiftUpdateCheck = 0820;
				LastUpgradeCheck = 0820;
				ORGANIZATIONNAME = "Luke Van In";
				TargetAttributes = {
					FCCD32B91E27399A00DFC250 = {
						CreatedOnToolsVersion = 8.2;
						DevelopmentTeam = DBK476475Y;
						ProvisioningStyle = Automatic;
					};
				};
			};
			buildConfigurationList = FCCD32B51E27399A00DFC250 /* Build configuration list for PBXProject "OnTheMap" */;
			compatibilityVersion = "Xcode 3.2";
			developmentRegion = English;
			hasScannedForEncodings = 0;
			knownRegions = (
				en,
				Base,
			);
			mainGroup = FCCD32B11E27399A00DFC250;
			productRefGroup = FCCD32BB1E27399A00DFC250 /* Products */;
			projectDirPath = "";
			projectRoot = "";
			targets = (
				FCCD32B91E27399A00DFC250 /* OnTheMap */,
			);
		};
/* End PBXProject section */

/* Begin PBXResourcesBuildPhase section */
		FCCD32B81E27399A00DFC250 /* Resources */ = {
			isa = PBXResourcesBuildPhase;
			buildActionMask = 2147483647;
			files = (
				FCA7E9D81E274270009ED523 /* Roboto-Medium.ttf in Resources */,
				FCCD32C81E27399A00DFC250 /* LaunchScreen.storyboard in Resources */,
				FCA7E9DA1E274270009ED523 /* Roboto-Thin.ttf in Resources */,
				FCA7E9D91E274270009ED523 /* Roboto-Regular.ttf in Resources */,
				FCCD32C51E27399A00DFC250 /* Assets.xcassets in Resources */,
				FCCD32C31E27399A00DFC250 /* Main.storyboard in Resources */,
			);
			runOnlyForDeploymentPostprocessing = 0;
		};
/* End PBXResourcesBuildPhase section */

/* Begin PBXSourcesBuildPhase section */
		FCCD32B61E27399A00DFC250 /* Sources */ = {
			isa = PBXSourcesBuildPhase;
			buildActionMask = 2147483647;
			files = (
				FCCD32C01E27399A00DFC250 /* TabViewController.swift in Sources */,
				FCA7E9E91E274B60009ED523 /* Authentication.swift in Sources */,
				FCA7E9DF1E274585009ED523 /* MapViewController.swift in Sources */,
				FCA1B7E91E2891EC00A10E85 /* StudentInformation.swift in Sources */,
				FCA1B7E71E28911000A10E85 /* StudentsManager.swift in Sources */,
				FCA1B7E31E288C1600A10E85 /* AuthenticationManager.swift in Sources */,
				FC1C35461E27DF4200191CA7 /* MockAuthentication.swift in Sources */,
				FCA7E9E11E27459D009ED523 /* ListViewController.swift in Sources */,
				FCA1B7EB1E28944300A10E85 /* StudentsController.swift in Sources */,
				FCA7E9E71E274A00009ED523 /* LoginViewController.swift in Sources */,
				FC1C35441E27DEDF00191CA7 /* UdacityAuthentication.swift in Sources */,
				FCCD32BE1E27399A00DFC250 /* AppDelegate.swift in Sources */,
				FCA393A61E28A6D6000F17FB /* StudentInfoViewController.swift in Sources */,
				FCA393A41E28A5BB000F17FB /* LocationLookupViewController.swift in Sources */,
			);
			runOnlyForDeploymentPostprocessing = 0;
		};
/* End PBXSourcesBuildPhase section */

/* Begin PBXVariantGroup section */
		FCCD32C11E27399A00DFC250 /* Main.storyboard */ = {
			isa = PBXVariantGroup;
			children = (
				FCCD32C21E27399A00DFC250 /* Base */,
			);
			name = Main.storyboard;
			sourceTree = "<group>";
		};
		FCCD32C61E27399A00DFC250 /* LaunchScreen.storyboard */ = {
			isa = PBXVariantGroup;
			children = (
				FCCD32C71E27399A00DFC250 /* Base */,
			);
			name = LaunchScreen.storyboard;
			sourceTree = "<group>";
		};
/* End PBXVariantGroup section */

/* Begin XCBuildConfiguration section */
		FCCD32CA1E27399A00DFC250 /* Debug */ = {
			isa = XCBuildConfiguration;
			buildSettings = {
				ALWAYS_SEARCH_USER_PATHS = NO;
				CLANG_ANALYZER_NONNULL = YES;
				CLANG_CXX_LANGUAGE_STANDARD = "gnu++0x";
				CLANG_CXX_LIBRARY = "libc++";
				CLANG_ENABLE_MODULES = YES;
				CLANG_ENABLE_OBJC_ARC = YES;
				CLANG_WARN_BOOL_CONVERSION = YES;
				CLANG_WARN_CONSTANT_CONVERSION = YES;
				CLANG_WARN_DIRECT_OBJC_ISA_USAGE = YES_ERROR;
				CLANG_WARN_DOCUMENTATION_COMMENTS = YES;
				CLANG_WARN_EMPTY_BODY = YES;
				CLANG_WARN_ENUM_CONVERSION = YES;
				CLANG_WARN_INFINITE_RECURSION = YES;
				CLANG_WARN_INT_CONVERSION = YES;
				CLANG_WARN_OBJC_ROOT_CLASS = YES_ERROR;
				CLANG_WARN_SUSPICIOUS_MOVE = YES;
				CLANG_WARN_UNREACHABLE_CODE = YES;
				CLANG_WARN__DUPLICATE_METHOD_MATCH = YES;
				"CODE_SIGN_IDENTITY[sdk=iphoneos*]" = "iPhone Developer";
				COPY_PHASE_STRIP = NO;
				DEBUG_INFORMATION_FORMAT = dwarf;
				ENABLE_STRICT_OBJC_MSGSEND = YES;
				ENABLE_TESTABILITY = YES;
				GCC_C_LANGUAGE_STANDARD = gnu99;
				GCC_DYNAMIC_NO_PIC = NO;
				GCC_NO_COMMON_BLOCKS = YES;
				GCC_OPTIMIZATION_LEVEL = 0;
				GCC_PREPROCESSOR_DEFINITIONS = (
					"DEBUG=1",
					"$(inherited)",
				);
				GCC_WARN_64_TO_32_BIT_CONVERSION = YES;
				GCC_WARN_ABOUT_RETURN_TYPE = YES_ERROR;
				GCC_WARN_UNDECLARED_SELECTOR = YES;
				GCC_WARN_UNINITIALIZED_AUTOS = YES_AGGRESSIVE;
				GCC_WARN_UNUSED_FUNCTION = YES;
				GCC_WARN_UNUSED_VARIABLE = YES;
				IPHONEOS_DEPLOYMENT_TARGET = 10.2;
				MTL_ENABLE_DEBUG_INFO = YES;
				ONLY_ACTIVE_ARCH = YES;
				SDKROOT = iphoneos;
				SWIFT_ACTIVE_COMPILATION_CONDITIONS = DEBUG;
				SWIFT_OPTIMIZATION_LEVEL = "-Onone";
				TARGETED_DEVICE_FAMILY = "1,2";
			};
			name = Debug;
		};
		FCCD32CB1E27399A00DFC250 /* Release */ = {
			isa = XCBuildConfiguration;
			buildSettings = {
				ALWAYS_SEARCH_USER_PATHS = NO;
				CLANG_ANALYZER_NONNULL = YES;
				CLANG_CXX_LANGUAGE_STANDARD = "gnu++0x";
				CLANG_CXX_LIBRARY = "libc++";
				CLANG_ENABLE_MODULES = YES;
				CLANG_ENABLE_OBJC_ARC = YES;
				CLANG_WARN_BOOL_CONVERSION = YES;
				CLANG_WARN_CONSTANT_CONVERSION = YES;
				CLANG_WARN_DIRECT_OBJC_ISA_USAGE = YES_ERROR;
				CLANG_WARN_DOCUMENTATION_COMMENTS = YES;
				CLANG_WARN_EMPTY_BODY = YES;
				CLANG_WARN_ENUM_CONVERSION = YES;
				CLANG_WARN_INFINITE_RECURSION = YES;
				CLANG_WARN_INT_CONVERSION = YES;
				CLANG_WARN_OBJC_ROOT_CLASS = YES_ERROR;
				CLANG_WARN_SUSPICIOUS_MOVE = YES;
				CLANG_WARN_UNREACHABLE_CODE = YES;
				CLANG_WARN__DUPLICATE_METHOD_MATCH = YES;
				"CODE_SIGN_IDENTITY[sdk=iphoneos*]" = "iPhone Developer";
				COPY_PHASE_STRIP = NO;
				DEBUG_INFORMATION_FORMAT = "dwarf-with-dsym";
				ENABLE_NS_ASSERTIONS = NO;
				ENABLE_STRICT_OBJC_MSGSEND = YES;
				GCC_C_LANGUAGE_STANDARD = gnu99;
				GCC_NO_COMMON_BLOCKS = YES;
				GCC_WARN_64_TO_32_BIT_CONVERSION = YES;
				GCC_WARN_ABOUT_RETURN_TYPE = YES_ERROR;
				GCC_WARN_UNDECLARED_SELECTOR = YES;
				GCC_WARN_UNINITIALIZED_AUTOS = YES_AGGRESSIVE;
				GCC_WARN_UNUSED_FUNCTION = YES;
				GCC_WARN_UNUSED_VARIABLE = YES;
				IPHONEOS_DEPLOYMENT_TARGET = 10.2;
				MTL_ENABLE_DEBUG_INFO = NO;
				SDKROOT = iphoneos;
				SWIFT_OPTIMIZATION_LEVEL = "-Owholemodule";
				TARGETED_DEVICE_FAMILY = "1,2";
				VALIDATE_PRODUCT = YES;
			};
			name = Release;
		};
		FCCD32CD1E27399A00DFC250 /* Debug */ = {
			isa = XCBuildConfiguration;
			buildSettings = {
				ASSETCATALOG_COMPILER_APPICON_NAME = AppIcon;
				DEVELOPMENT_TEAM = DBK476475Y;
				INFOPLIST_FILE = OnTheMap/Info.plist;
				LD_RUNPATH_SEARCH_PATHS = "$(inherited) @executable_path/Frameworks";
				PRODUCT_BUNDLE_IDENTIFIER = com.lukevanin.OnTheMap;
				PRODUCT_NAME = "$(TARGET_NAME)";
				SWIFT_VERSION = 3.0;
			};
			name = Debug;
		};
		FCCD32CE1E27399A00DFC250 /* Release */ = {
			isa = XCBuildConfiguration;
			buildSettings = {
				ASSETCATALOG_COMPILER_APPICON_NAME = AppIcon;
				DEVELOPMENT_TEAM = DBK476475Y;
				INFOPLIST_FILE = OnTheMap/Info.plist;
				LD_RUNPATH_SEARCH_PATHS = "$(inherited) @executable_path/Frameworks";
				PRODUCT_BUNDLE_IDENTIFIER = com.lukevanin.OnTheMap;
				PRODUCT_NAME = "$(TARGET_NAME)";
				SWIFT_VERSION = 3.0;
			};
			name = Release;
		};
/* End XCBuildConfiguration section */

/* Begin XCConfigurationList section */
		FCCD32B51E27399A00DFC250 /* Build configuration list for PBXProject "OnTheMap" */ = {
			isa = XCConfigurationList;
			buildConfigurations = (
				FCCD32CA1E27399A00DFC250 /* Debug */,
				FCCD32CB1E27399A00DFC250 /* Release */,
			);
			defaultConfigurationIsVisible = 0;
			defaultConfigurationName = Release;
		};
		FCCD32CC1E27399A00DFC250 /* Build configuration list for PBXNativeTarget "OnTheMap" */ = {
			isa = XCConfigurationList;
			buildConfigurations = (
				FCCD32CD1E27399A00DFC250 /* Debug */,
				FCCD32CE1E27399A00DFC250 /* Release */,
			);
			defaultConfigurationIsVisible = 0;
			defaultConfigurationName = Release;
		};
/* End XCConfigurationList section */
	};
	rootObject = FCCD32B21E27399A00DFC250 /* Project object */;
}
